
Microsoft Visual Studio Solution File, Format Version 12.00
# Visual Studio 15
VisualStudioVersion = 15.0.27004.2002
MinimumVisualStudioVersion = 10.0.40219.1
Project("{FAE04EC0-301F-11D3-BF4B-00C04F79EFBC}") = "Gloomylynx", "Gloomylynx.csproj", "{64D36930-0A20-44BE-B6D4-010A617C3EB1}"
EndProject
Global
	GlobalSection(SolutionConfigurationPlatforms) = preSolution
		Debug|Any CPU = Debug|Any CPU
		Release|Any CPU = Release|Any CPU
	EndGlobalSection
	GlobalSection(ProjectConfigurationPlatforms) = postSolution
		{64D36930-0A20-44BE-B6D4-010A617C3EB1}.Debug|Any CPU.ActiveCfg = Debug|Any CPU
		{64D36930-0A20-44BE-B6D4-010A617C3EB1}.Debug|Any CPU.Build.0 = Debug|Any CPU
		{64D36930-0A20-44BE-B6D4-010A617C3EB1}.Release|Any CPU.ActiveCfg = Release|Any CPU
		{64D36930-0A20-44BE-B6D4-010A617C3EB1}.Release|Any CPU.Build.0 = Release|Any CPU
	EndGlobalSection
	GlobalSection(SolutionProperties) = preSolution
		HideSolutionNode = FALSE
	EndGlobalSection
	GlobalSection(ExtensibilityGlobals) = postSolution
		SolutionGuid = {B1BC6D8D-6820-49F6-8CEB-1FB2EFACEE58}
	EndGlobalSection
EndGlobal
